
Microsoft Visual Studio Solution File, Format Version 12.00
# Visual Studio Version 16
VisualStudioVersion = 16.0.30413.136
MinimumVisualStudioVersion = 10.0.40219.1
Project("{FAE04EC0-301F-11D3-BF4B-00C04F79EFBC}") = "Example", "Example\Example.csproj", "{ED83EB67-D5FE-4000-BF17-9EF5FE5CC72B}"
EndProject
Global
	GlobalSection(SolutionConfigurationPlatforms) = preSolution
		Debug|Any CPU = Debug|Any CPU
		Release|Any CPU = Release|Any CPU
	EndGlobalSection
	GlobalSection(ProjectConfigurationPlatforms) = postSolution
		{ED83EB67-D5FE-4000-BF17-9EF5FE5CC72B}.Debug|Any CPU.ActiveCfg = Debug|Any CPU
		{ED83EB67-D5FE-4000-BF17-9EF5FE5CC72B}.Debug|Any CPU.Build.0 = Debug|Any CPU
		{ED83EB67-D5FE-4000-BF17-9EF5FE5CC72B}.Release|Any CPU.ActiveCfg = Release|Any CPU
		{ED83EB67-D5FE-4000-BF17-9EF5FE5CC72B}.Release|Any CPU.Build.0 = Release|Any CPU
	EndGlobalSection
	GlobalSection(SolutionProperties) = preSolution
		HideSolutionNode = FALSE
	EndGlobalSection
	GlobalSection(ExtensibilityGlobals) = postSolution
		SolutionGuid = {55BE172F-9D3A-46BD-AB7C-561B45B335B3}
	EndGlobalSection
EndGlobal
